{
  "name": "sha256",
  "version": "1.0.0",
  "lockfileVersion": 2,
  "requires": true,
  "packages": {
    "": {
      "name": "sha256",
      "version": "1.0.0",
      "license": "ISC",
      "dependencies": {
        "@lcrespilho/async-task-queue": "^3.0.0"
      },
      "devDependencies": {
        "@types/node": "^18.11.9"
      }
    },
    "node_modules/@lcrespilho/async-task-queue": {
      "version": "3.0.0",
      "resolved": "https://registry.npmjs.org/@lcrespilho/async-task-queue/-/async-task-queue-3.0.0.tgz",
      "integrity": "sha512-aBKu3b7f0mr1fkVVrk4bAd6Uy6p7PtqghcU/1bBo9mvxRoSLKVmRmxZhtloRqSGNYUo44uKO7Wmg/Pdx5jSdbQ=="
    },
    "node_modules/@types/node": {
      "version": "18.11.9",
      "resolved": "https://registry.npmjs.org/@types/node/-/node-18.11.9.tgz",
      "integrity": "sha512-CRpX21/kGdzjOpFsZSkcrXMGIBWMGNIHXXBVFSH+ggkftxg+XYP20TESbh+zFvFj3EQOl5byk0HTRn1IL6hbqg==",
      "dev": true
    }
  },
  "dependencies": {
    "@lcrespilho/async-task-queue": {
      "version": "3.0.0",
      "resolved": "https://registry.npmjs.org/@lcrespilho/async-task-queue/-/async-task-queue-3.0.0.tgz",
      "integrity": "sha512-aBKu3b7f0mr1fkVVrk4bAd6Uy6p7PtqghcU/1bBo9mvxRoSLKVmRmxZhtloRqSGNYUo44uKO7Wmg/Pdx5jSdbQ=="
    },
    "@types/node": {
      "version": "18.11.9",
      "resolved": "https://registry.npmjs.org/@types/node/-/node-18.11.9.tgz",
      "integrity": "sha512-CRpX21/kGdzjOpFsZSkcrXMGIBWMGNIHXXBVFSH+ggkftxg+XYP20TESbh+zFvFj3EQOl5byk0HTRn1IL6hbqg==",
      "dev": true
    }
  }
}
